github.com/gorilla/mux v1.7.4 h1:VuZ8uybHlWmqV03+zRzdwKL4tUnIp1MAQtp1mIFE1bc=
github.com/gorilla/mux v1.7.4/go.mod h1:DVbg23sWSpFRCP0SfiEN6jmj59UnW/n46BH5rLB71So=
github.com/sethvargo/go-signalcontext v0.1.0 h1:3IU7HOlmRXF0PSDf85C4nJ/zjYDjF+DS+LufcKfLvyk=
github.com/sethvargo/go-signalcontext v0.1.0/go.mod h1:PXu9UmR2f7mmp8kEwgkKmaDbxq/PbqixkiC66WIkkWE=
github.com/spf13/pflag v1.0.5 h1:iy+VFUOCP1a+8yFto/drg2CJ5u0yRoB7fZw3DKv/JXA=
github.com/spf13/pflag v1.0.5/go.mod h1:McXfInJRrz4CZXVZOBLb0bTZqETkiAhM9Iw0y3An2Bg=
